
Microsoft Visual Studio Solution File, Format Version 12.00
# Visual Studio Version 17
VisualStudioVersion = 17.3.32922.545
MinimumVisualStudioVersion = 10.0.40219.1
Project("{FAE04EC0-301F-11D3-BF4B-00C04F79EFBC}") = "Blazor Barcode Scanner", "Blazor Barcode Scanner\Blazor Barcode Scanner.csproj", "{FE415EF8-9D88-400A-8F94-06F0C9951962}"
EndProject
Global
	GlobalSection(SolutionConfigurationPlatforms) = preSolution
		Debug|Any CPU = Debug|Any CPU
		Release|Any CPU = Release|Any CPU
	EndGlobalSection
	GlobalSection(ProjectConfigurationPlatforms) = postSolution
		{FE415EF8-9D88-400A-8F94-06F0C9951962}.Debug|Any CPU.ActiveCfg = Debug|Any CPU
		{FE415EF8-9D88-400A-8F94-06F0C9951962}.Debug|Any CPU.Build.0 = Debug|Any CPU
		{FE415EF8-9D88-400A-8F94-06F0C9951962}.Release|Any CPU.ActiveCfg = Release|Any CPU
		{FE415EF8-9D88-400A-8F94-06F0C9951962}.Release|Any CPU.Build.0 = Release|Any CPU
	EndGlobalSection
	GlobalSection(SolutionProperties) = preSolution
		HideSolutionNode = FALSE
	EndGlobalSection
	GlobalSection(ExtensibilityGlobals) = postSolution
		SolutionGuid = {D34A0C4E-0EB8-4C73-A694-70AA7E7114B2}
	EndGlobalSection
EndGlobal
